
Microsoft Visual Studio Solution File, Format Version 12.00
# Visual Studio Version 17
VisualStudioVersion = 17.14.36109.1
MinimumVisualStudioVersion = 10.0.40219.1
Project("{FAE04EC0-301F-11D3-BF4B-00C04F79EFBC}") = "chirpApi", "chirpApi\chirpApi.csproj", "{7B217BBC-A07C-42CF-AF72-22A69E826FED}"
EndProject
Project("{FAE04EC0-301F-11D3-BF4B-00C04F79EFBC}") = "chirpApi.Services", "chirpApi.Services\chirpApi.Services.csproj", "{81F93C9B-66A3-48E3-AF09-7534BBA33256}"
EndProject
Global
	GlobalSection(SolutionConfigurationPlatforms) = preSolution
		Debug|Any CPU = Debug|Any CPU
		Release|Any CPU = Release|Any CPU
	EndGlobalSection
	GlobalSection(ProjectConfigurationPlatforms) = postSolution
		{7B217BBC-A07C-42CF-AF72-22A69E826FED}.Debug|Any CPU.ActiveCfg = Debug|Any CPU
		{7B217BBC-A07C-42CF-AF72-22A69E826FED}.Debug|Any CPU.Build.0 = Debug|Any CPU
		{7B217BBC-A07C-42CF-AF72-22A69E826FED}.Release|Any CPU.ActiveCfg = Release|Any CPU
		{7B217BBC-A07C-42CF-AF72-22A69E826FED}.Release|Any CPU.Build.0 = Release|Any CPU
		{81F93C9B-66A3-48E3-AF09-7534BBA33256}.Debug|Any CPU.ActiveCfg = Debug|Any CPU
		{81F93C9B-66A3-48E3-AF09-7534BBA33256}.Debug|Any CPU.Build.0 = Debug|Any CPU
		{81F93C9B-66A3-48E3-AF09-7534BBA33256}.Release|Any CPU.ActiveCfg = Release|Any CPU
		{81F93C9B-66A3-48E3-AF09-7534BBA33256}.Release|Any CPU.Build.0 = Release|Any CPU
	EndGlobalSection
	GlobalSection(SolutionProperties) = preSolution
		HideSolutionNode = FALSE
	EndGlobalSection
	GlobalSection(ExtensibilityGlobals) = postSolution
		SolutionGuid = {74552265-9A55-469C-AA93-D196712F9F82}
	EndGlobalSection
EndGlobal
